
Microsoft Visual Studio Solution File, Format Version 12.00
# Visual Studio Version 17
VisualStudioVersion = 17.0.31903.59
MinimumVisualStudioVersion = 10.0.40219.1
Project("{FAE04EC0-301F-11D3-BF4B-00C04F79EFBC}") = "KnowledgeLLM.Core", "src\KnowledgeLLM.Core\KnowledgeLLM.Core.csproj", "{BB08A73C-1939-44E4-95B8-0AC76F8EF223}"
EndProject
Project("{FAE04EC0-301F-11D3-BF4B-00C04F79EFBC}") = "KnowledgeLLM.Api", "src\KnowledgeLLM.Api\KnowledgeLLM.Api.csproj", "{F9951110-5AFB-48D1-B9DC-3453A7939D2D}"
EndProject
Project("{FAE04EC0-301F-11D3-BF4B-00C04F79EFBC}") = "KnowledgeLLM.Core.Tests", "tests\KnowledgeLLM.Core.Tests\KnowledgeLLM.Core.Tests.csproj", "{A032781D-6DDB-4162-8F43-C16A8648C069}"
EndProject
Project("{FAE04EC0-301F-11D3-BF4B-00C04F79EFBC}") = "KnowledgeLLM.Eval", "tools\KnowledgeLLM.Eval\KnowledgeLLM.Eval.csproj", "{5B8FF03A-B388-44F0-A444-D167AB31D43B}"
EndProject
Global
	GlobalSection(SolutionConfigurationPlatforms) = preSolution
		Debug|Any CPU = Debug|Any CPU
		Release|Any CPU = Release|Any CPU
	EndGlobalSection
	GlobalSection(ProjectConfigurationPlatforms) = postSolution
		{BB08A73C-1939-44E4-95B8-0AC76F8EF223}.Debug|Any CPU.ActiveCfg = Debug|Any CPU
		{BB08A73C-1939-44E4-95B8-0AC76F8EF223}.Debug|Any CPU.Build.0 = Debug|Any CPU
		{BB08A73C-1939-44E4-95B8-0AC76F8EF223}.Release|Any CPU.ActiveCfg = Release|Any CPU
		{BB08A73C-1939-44E4-95B8-0AC76F8EF223}.Release|Any CPU.Build.0 = Release|Any CPU
		{F9951110-5AFB-48D1-B9DC-3453A7939D2D}.Debug|Any CPU.ActiveCfg = Debug|Any CPU
		{F9951110-5AFB-48D1-B9DC-3453A7939D2D}.Debug|Any CPU.Build.0 = Debug|Any CPU
		{F9951110-5AFB-48D1-B9DC-3453A7939D2D}.Release|Any CPU.ActiveCfg = Release|Any CPU
		{F9951110-5AFB-48D1-B9DC-3453A7939D2D}.Release|Any CPU.Build.0 = Release|Any CPU
		{A032781D-6DDB-4162-8F43-C16A8648C069}.Debug|Any CPU.ActiveCfg = Debug|Any CPU
		{A032781D-6DDB-4162-8F43-C16A8648C069}.Debug|Any CPU.Build.0 = Debug|Any CPU
		{A032781D-6DDB-4162-8F43-C16A8648C069}.Release|Any CPU.ActiveCfg = Release|Any CPU
		{A032781D-6DDB-4162-8F43-C16A8648C069}.Release|Any CPU.Build.0 = Release|Any CPU
		{5B8FF03A-B388-44F0-A444-D167AB31D43B}.Debug|Any CPU.ActiveCfg = Debug|Any CPU
		{5B8FF03A-B388-44F0-A444-D167AB31D43B}.Debug|Any CPU.Build.0 = Debug|Any CPU
		{5B8FF03A-B388-44F0-A444-D167AB31D43B}.Release|Any CPU.ActiveCfg = Release|Any CPU
		{5B8FF03A-B388-44F0-A444-D167AB31D43B}.Release|Any CPU.Build.0 = Release|Any CPU
	EndGlobalSection
	GlobalSection(SolutionProperties) = preSolution
		HideSolution = False
	EndGlobalSection
EndGlobal